// !$*UTF8*$!
{
	archiveVersion = 1;
	classes = {
	};
	objectVersion = 77;
	objects = {

/* Begin PBXBuildFile section */
		37A7748FB86352A1875E07CB /* CertificateFingerprint.swift in Sources */ = {isa = PBXBuildFile; fileRef = DA98A722DC71C0B60D14E35E /* CertificateFingerprint.swift */; };
		43C9A78C9D7719C2603EC7FC /* AppDelegate.swift in Sources */ = {isa = PBXBuildFile; fileRef = B903D573F6E62EFF414E1BB4 /* AppDelegate.swift */; };
		66068DB9A88BF37ED24FC404 /* WebViewController.swift in Sources */ = {isa = PBXBuildFile; fileRef = FB55350BADA8720702CE1AEA /* WebViewController.swift */; };
		892AB028DD857BF9CA1C4054 /* NetworkBridge.swift in Sources */ = {isa = PBXBuildFile; fileRef = B58F067AF298E71412B43403 /* NetworkBridge.swift */; };
		943AE6C601ABD3392A72F493 /* Resources in Resources */ = {isa = PBXBuildFile; fileRef = 0D433CBCD49C30A0D0EAF010 /* Resources */; };
		BF91C5DBCA649479A0F80D7A /* MainWindowController.swift in Sources */ = {isa = PBXBuildFile; fileRef = E1804303AEE8EC4F293BB0B2 /* MainWindowController.swift */; };
		C87A416FFA07211E0F6CF505 /* main.swift in Sources */ = {isa = PBXBuildFile; fileRef = 93F4F10BD76736D5168DF3E7 /* main.swift */; };
		D43EB45029675B77CAFAE18C /* DatagramBridge.swift in Sources */ = {isa = PBXBuildFile; fileRef = D9DFBEAA839B63DC3FBABCCE /* DatagramBridge.swift */; };
/* End PBXBuildFile section */

/* Begin PBXFileReference section */
		0D433CBCD49C30A0D0EAF010 /* Resources */ = {isa = PBXFileReference; lastKnownFileType = folder; name = Resources; path = MeshCommanderMac/Resources; sourceTree = SOURCE_ROOT; };
		154A30852E41B19E6620EA0F /* MeshCommanderMac.app */ = {isa = PBXFileReference; explicitFileType = wrapper.application; includeInIndex = 0; path = MeshCommanderMac.app; sourceTree = BUILT_PRODUCTS_DIR; };
		93F4F10BD76736D5168DF3E7 /* main.swift */ = {isa = PBXFileReference; lastKnownFileType = sourcecode.swift; path = main.swift; sourceTree = "<group>"; };
		B58F067AF298E71412B43403 /* NetworkBridge.swift */ = {isa = PBXFileReference; lastKnownFileType = sourcecode.swift; path = NetworkBridge.swift; sourceTree = "<group>"; };
		B903D573F6E62EFF414E1BB4 /* AppDelegate.swift */ = {isa = PBXFileReference; lastKnownFileType = sourcecode.swift; path = AppDelegate.swift; sourceTree = "<group>"; };
		D9DFBEAA839B63DC3FBABCCE /* DatagramBridge.swift */ = {isa = PBXFileReference; lastKnownFileType = sourcecode.swift; path = DatagramBridge.swift; sourceTree = "<group>"; };
		DA98A722DC71C0B60D14E35E /* CertificateFingerprint.swift */ = {isa = PBXFileReference; lastKnownFileType = sourcecode.swift; path = CertificateFingerprint.swift; sourceTree = "<group>"; };
		E1804303AEE8EC4F293BB0B2 /* MainWindowController.swift */ = {isa = PBXFileReference; lastKnownFileType = sourcecode.swift; path = MainWindowController.swift; sourceTree = "<group>"; };
		FB55350BADA8720702CE1AEA /* WebViewController.swift */ = {isa = PBXFileReference; lastKnownFileType = sourcecode.swift; path = WebViewController.swift; sourceTree = "<group>"; };
/* End PBXFileReference section */

/* Begin PBXGroup section */
		178AA617B06980F7320DE30B = {
			isa = PBXGroup;
			children = (
				0D433CBCD49C30A0D0EAF010 /* Resources */,
				E3F0CCCF185582081CB5935E /* MeshCommanderMac */,
				90C57F1C95CC2FB4EC806149 /* Products */,
			);
			sourceTree = "<group>";
		};
		90C57F1C95CC2FB4EC806149 /* Products */ = {
			isa = PBXGroup;
			children = (
				154A30852E41B19E6620EA0F /* MeshCommanderMac.app */,
			);
			name = Products;
			sourceTree = "<group>";
		};
		E3F0CCCF185582081CB5935E /* MeshCommanderMac */ = {
			isa = PBXGroup;
			children = (
				B903D573F6E62EFF414E1BB4 /* AppDelegate.swift */,
				DA98A722DC71C0B60D14E35E /* CertificateFingerprint.swift */,
				D9DFBEAA839B63DC3FBABCCE /* DatagramBridge.swift */,
				93F4F10BD76736D5168DF3E7 /* main.swift */,
				E1804303AEE8EC4F293BB0B2 /* MainWindowController.swift */,
				B58F067AF298E71412B43403 /* NetworkBridge.swift */,
				FB55350BADA8720702CE1AEA /* WebViewController.swift */,
			);
			path = MeshCommanderMac;
			sourceTree = "<group>";
		};
/* End PBXGroup section */

/* Begin PBXNativeTarget section */
		B0E0FBCCD134168F734840E2 /* MeshCommanderMac */ = {
			isa = PBXNativeTarget;
			buildConfigurationList = 13D0310F9C04D8AC9E24AD29 /* Build configuration list for PBXNativeTarget "MeshCommanderMac" */;
			buildPhases = (
				9677C9C72DC9BD7E9A29F4B7 /* Sources */,
				3653D160B2F13879D69753D5 /* Resources */,
			);
			buildRules = (
			);
			dependencies = (
			);
			name = MeshCommanderMac;
			packageProductDependencies = (
			);
			productName = MeshCommanderMac;
			productReference = 154A30852E41B19E6620EA0F /* MeshCommanderMac.app */;
			productType = "com.apple.product-type.application";
		};
/* End PBXNativeTarget section */

/* Begin PBXProject section */
		75F0EA2D68982349BF7B2B85 /* Project object */ = {
			isa = PBXProject;
			attributes = {
				BuildIndependentTargetsInParallel = YES;
				LastUpgradeCheck = 1430;
				TargetAttributes = {
					B0E0FBCCD134168F734840E2 = {
						DevelopmentTeam = "";
						ProvisioningStyle = Manual;
					};
				};
			};
			buildConfigurationList = 9F629DFAD66769BDC905B32C /* Build configuration list for PBXProject "MeshCommanderMac" */;
			developmentRegion = en;
			hasScannedForEncodings = 0;
			knownRegions = (
				Base,
				en,
			);
			mainGroup = 178AA617B06980F7320DE30B;
			minimizedProjectReferenceProxies = 1;
			preferredProjectObjectVersion = 77;
			productRefGroup = 90C57F1C95CC2FB4EC806149 /* Products */;
			projectDirPath = "";
			projectRoot = "";
			targets = (
				B0E0FBCCD134168F734840E2 /* MeshCommanderMac */,
			);
		};
/* End PBXProject section */

/* Begin PBXResourcesBuildPhase section */
		3653D160B2F13879D69753D5 /* Resources */ = {
			isa = PBXResourcesBuildPhase;
			buildActionMask = 2147483647;
			files = (
				943AE6C601ABD3392A72F493 /* Resources in Resources */,
			);
			runOnlyForDeploymentPostprocessing = 0;
		};
/* End PBXResourcesBuildPhase section */

/* Begin PBXSourcesBuildPhase section */
		9677C9C72DC9BD7E9A29F4B7 /* Sources */ = {
			isa = PBXSourcesBuildPhase;
			buildActionMask = 2147483647;
			files = (
				43C9A78C9D7719C2603EC7FC /* AppDelegate.swift in Sources */,
				37A7748FB86352A1875E07CB /* CertificateFingerprint.swift in Sources */,
				D43EB45029675B77CAFAE18C /* DatagramBridge.swift in Sources */,
				BF91C5DBCA649479A0F80D7A /* MainWindowController.swift in Sources */,
				892AB028DD857BF9CA1C4054 /* NetworkBridge.swift in Sources */,
				66068DB9A88BF37ED24FC404 /* WebViewController.swift in Sources */,
				C87A416FFA07211E0F6CF505 /* main.swift in Sources */,
			);
			runOnlyForDeploymentPostprocessing = 0;
		};
/* End PBXSourcesBuildPhase section */

/* Begin XCBuildConfiguration section */
		028491C7502D59AD2AED41EE /* Debug */ = {
			isa = XCBuildConfiguration;
			buildSettings = {
				ASSETCATALOG_COMPILER_APPICON_NAME = AppIcon;
				CODE_SIGN_ENTITLEMENTS = MeshCommanderMac/MeshCommanderMac.entitlements;
				CODE_SIGN_IDENTITY = "-";
				CODE_SIGN_STYLE = Manual;
				COMBINE_HIDPI_IMAGES = YES;
				CURRENT_PROJECT_VERSION = 1;
				DEVELOPMENT_TEAM = "";
				ENABLE_HARDENED_RUNTIME = NO;
				GENERATE_INFOPLIST_FILE = NO;
				INFOPLIST_FILE = MeshCommanderMac/Info.plist;
				LD_RUNPATH_SEARCH_PATHS = (
					"$(inherited)",
					"@executable_path/../Frameworks",
				);
				MACOSX_DEPLOYMENT_TARGET = 12.0;
				MARKETING_VERSION = 0.9.6;
				PRODUCT_BUNDLE_IDENTIFIER = com.meshcommander.mac;
				PRODUCT_NAME = MeshCommander;
				SDKROOT = macosx;
				SWIFT_VERSION = 5.0;
			};
			name = Debug;
		};
		230042E9B38480749BD4FC17 /* Release */ = {
			isa = XCBuildConfiguration;
			buildSettings = {
				ALWAYS_SEARCH_USER_PATHS = NO;
				CLANG_ANALYZER_NONNULL = YES;
				CLANG_ANALYZER_NUMBER_OBJECT_CONVERSION = YES_AGGRESSIVE;
				CLANG_CXX_LANGUAGE_STANDARD = "gnu++14";
				CLANG_CXX_LIBRARY = "libc++";
				CLANG_ENABLE_MODULES = YES;
				CLANG_ENABLE_OBJC_ARC = YES;
				CLANG_ENABLE_OBJC_WEAK = YES;
				CLANG_WARN_BLOCK_CAPTURE_AUTORELEASING = YES;
				CLANG_WARN_BOOL_CONVERSION = YES;
				CLANG_WARN_COMMA = YES;
				CLANG_WARN_CONSTANT_CONVERSION = YES;
				CLANG_WARN_DEPRECATED_OBJC_IMPLEMENTATIONS = YES;
				CLANG_WARN_DIRECT_OBJC_ISA_USAGE = YES_ERROR;
				CLANG_WARN_DOCUMENTATION_COMMENTS = YES;
				CLANG_WARN_EMPTY_BODY = YES;
				CLANG_WARN_ENUM_CONVERSION = YES;
				CLANG_WARN_INFINITE_RECURSION = YES;
				CLANG_WARN_INT_CONVERSION = YES;
				CLANG_WARN_NON_LITERAL_NULL_CONVERSION = YES;
				CLANG_WARN_OBJC_IMPLICIT_RETAIN_SELF = YES;
				CLANG_WARN_OBJC_LITERAL_CONVERSION = YES;
				CLANG_WARN_OBJC_ROOT_CLASS = YES_ERROR;
				CLANG_WARN_QUOTED_INCLUDE_IN_FRAMEWORK_HEADER = YES;
				CLANG_WARN_RANGE_LOOP_ANALYSIS = YES;
				CLANG_WARN_STRICT_PROTOTYPES = YES;
				CLANG_WARN_SUSPICIOUS_MOVE = YES;
				CLANG_WARN_UNGUARDED_AVAILABILITY = YES_AGGRESSIVE;
				CLANG_WARN_UNREACHABLE_CODE = YES;
				CLANG_WARN__DUPLICATE_METHOD_MATCH = YES;
				COPY_PHASE_STRIP = NO;
				DEBUG_INFORMATION_FORMAT = "dwarf-with-dsym";
				ENABLE_NS_ASSERTIONS = NO;
				ENABLE_STRICT_OBJC_MSGSEND = YES;
				GCC_C_LANGUAGE_STANDARD = gnu11;
				GCC_NO_COMMON_BLOCKS = YES;
				GCC_WARN_64_TO_32_BIT_CONVERSION = YES;
				GCC_WARN_ABOUT_RETURN_TYPE = YES_ERROR;
				GCC_WARN_UNDECLARED_SELECTOR = YES;
				GCC_WARN_UNINITIALIZED_AUTOS = YES_AGGRESSIVE;
				GCC_WARN_UNUSED_FUNCTION = YES;
				GCC_WARN_UNUSED_VARIABLE = YES;
				MACOSX_DEPLOYMENT_TARGET = 12.0;
				MTL_ENABLE_DEBUG_INFO = NO;
				MTL_FAST_MATH = YES;
				PRODUCT_NAME = "$(TARGET_NAME)";
				SDKROOT = macosx;
				SWIFT_COMPILATION_MODE = wholemodule;
				SWIFT_OPTIMIZATION_LEVEL = "-O";
				SWIFT_VERSION = 5.0;
			};
			name = Release;
		};
		CBEE6BE2F6CAAEA96A0F670B /* Release */ = {
			isa = XCBuildConfiguration;
			buildSettings = {
				ASSETCATALOG_COMPILER_APPICON_NAME = AppIcon;
				CODE_SIGN_ENTITLEMENTS = MeshCommanderMac/MeshCommanderMac.entitlements;
				CODE_SIGN_IDENTITY = "-";
				CODE_SIGN_STYLE = Manual;
				COMBINE_HIDPI_IMAGES = YES;
				CURRENT_PROJECT_VERSION = 1;
				DEVELOPMENT_TEAM = "";
				ENABLE_HARDENED_RUNTIME = NO;
				GENERATE_INFOPLIST_FILE = NO;
				INFOPLIST_FILE = MeshCommanderMac/Info.plist;
				LD_RUNPATH_SEARCH_PATHS = (
					"$(inherited)",
					"@executable_path/../Frameworks",
				);
				MACOSX_DEPLOYMENT_TARGET = 12.0;
				MARKETING_VERSION = 0.9.6;
				PRODUCT_BUNDLE_IDENTIFIER = com.meshcommander.mac;
				PRODUCT_NAME = MeshCommander;
				SDKROOT = macosx;
				SWIFT_VERSION = 5.0;
			};
			name = Release;
		};
		DE335D9D8B475C03A6DC2454 /* Debug */ = {
			isa = XCBuildConfiguration;
			buildSettings = {
				ALWAYS_SEARCH_USER_PATHS = NO;
				CLANG_ANALYZER_NONNULL = YES;
				CLANG_ANALYZER_NUMBER_OBJECT_CONVERSION = YES_AGGRESSIVE;
				CLANG_CXX_LANGUAGE_STANDARD = "gnu++14";
				CLANG_CXX_LIBRARY = "libc++";
				CLANG_ENABLE_MODULES = YES;
				CLANG_ENABLE_OBJC_ARC = YES;
				CLANG_ENABLE_OBJC_WEAK = YES;
				CLANG_WARN_BLOCK_CAPTURE_AUTORELEASING = YES;
				CLANG_WARN_BOOL_CONVERSION = YES;
				CLANG_WARN_COMMA = YES;
				CLANG_WARN_CONSTANT_CONVERSION = YES;
				CLANG_WARN_DEPRECATED_OBJC_IMPLEMENTATIONS = YES;
				CLANG_WARN_DIRECT_OBJC_ISA_USAGE = YES_ERROR;
				CLANG_WARN_DOCUMENTATION_COMMENTS = YES;
				CLANG_WARN_EMPTY_BODY = YES;
				CLANG_WARN_ENUM_CONVERSION = YES;
				CLANG_WARN_INFINITE_RECURSION = YES;
				CLANG_WARN_INT_CONVERSION = YES;
				CLANG_WARN_NON_LITERAL_NULL_CONVERSION = YES;
				CLANG_WARN_OBJC_IMPLICIT_RETAIN_SELF = YES;
				CLANG_WARN_OBJC_LITERAL_CONVERSION = YES;
				CLANG_WARN_OBJC_ROOT_CLASS = YES_ERROR;
				CLANG_WARN_QUOTED_INCLUDE_IN_FRAMEWORK_HEADER = YES;
				CLANG_WARN_RANGE_LOOP_ANALYSIS = YES;
				CLANG_WARN_STRICT_PROTOTYPES = YES;
				CLANG_WARN_SUSPICIOUS_MOVE = YES;
				CLANG_WARN_UNGUARDED_AVAILABILITY = YES_AGGRESSIVE;
				CLANG_WARN_UNREACHABLE_CODE = YES;
				CLANG_WARN__DUPLICATE_METHOD_MATCH = YES;
				COPY_PHASE_STRIP = NO;
				DEBUG_INFORMATION_FORMAT = dwarf;
				ENABLE_STRICT_OBJC_MSGSEND = YES;
				ENABLE_TESTABILITY = YES;
				GCC_C_LANGUAGE_STANDARD = gnu11;
				GCC_DYNAMIC_NO_PIC = NO;
				GCC_NO_COMMON_BLOCKS = YES;
				GCC_OPTIMIZATION_LEVEL = 0;
				GCC_PREPROCESSOR_DEFINITIONS = (
					"$(inherited)",
					"DEBUG=1",
				);
				GCC_WARN_64_TO_32_BIT_CONVERSION = YES;
				GCC_WARN_ABOUT_RETURN_TYPE = YES_ERROR;
				GCC_WARN_UNDECLARED_SELECTOR = YES;
				GCC_WARN_UNINITIALIZED_AUTOS = YES_AGGRESSIVE;
				GCC_WARN_UNUSED_FUNCTION = YES;
				GCC_WARN_UNUSED_VARIABLE = YES;
				MACOSX_DEPLOYMENT_TARGET = 12.0;
				MTL_ENABLE_DEBUG_INFO = INCLUDE_SOURCE;
				MTL_FAST_MATH = YES;
				ONLY_ACTIVE_ARCH = YES;
				PRODUCT_NAME = "$(TARGET_NAME)";
				SDKROOT = macosx;
				SWIFT_ACTIVE_COMPILATION_CONDITIONS = DEBUG;
				SWIFT_OPTIMIZATION_LEVEL = "-Onone";
				SWIFT_VERSION = 5.0;
			};
			name = Debug;
		};
/* End XCBuildConfiguration section */

/* Begin XCConfigurationList section */
		13D0310F9C04D8AC9E24AD29 /* Build configuration list for PBXNativeTarget "MeshCommanderMac" */ = {
			isa = XCConfigurationList;
			buildConfigurations = (
				028491C7502D59AD2AED41EE /* Debug */,
				CBEE6BE2F6CAAEA96A0F670B /* Release */,
			);
			defaultConfigurationIsVisible = 0;
			defaultConfigurationName = Debug;
		};
		9F629DFAD66769BDC905B32C /* Build configuration list for PBXProject "MeshCommanderMac" */ = {
			isa = XCConfigurationList;
			buildConfigurations = (
				DE335D9D8B475C03A6DC2454 /* Debug */,
				230042E9B38480749BD4FC17 /* Release */,
			);
			defaultConfigurationIsVisible = 0;
			defaultConfigurationName = Debug;
		};
/* End XCConfigurationList section */
	};
	rootObject = 75F0EA2D68982349BF7B2B85 /* Project object */;
}
